
Microsoft Visual Studio Solution File, Format Version 12.00
# Visual Studio Version 16
VisualStudioVersion = 16.0.28803.202
MinimumVisualStudioVersion = 10.0.40219.1
Project("{FAE04EC0-301F-11D3-BF4B-00C04F79EFBC}") = "AutoLotConsoleApplication", "AutoLotConsoleApplication\AutoLotConsoleApplication.csproj", "{EEC93DA3-5371-4C6E-8BF0-C23FA2C84D6B}"
EndProject
Global
	GlobalSection(SolutionConfigurationPlatforms) = preSolution
		Debug|Any CPU = Debug|Any CPU
		Release|Any CPU = Release|Any CPU
	EndGlobalSection
	GlobalSection(ProjectConfigurationPlatforms) = postSolution
		{EEC93DA3-5371-4C6E-8BF0-C23FA2C84D6B}.Debug|Any CPU.ActiveCfg = Debug|Any CPU
		{EEC93DA3-5371-4C6E-8BF0-C23FA2C84D6B}.Debug|Any CPU.Build.0 = Debug|Any CPU
		{EEC93DA3-5371-4C6E-8BF0-C23FA2C84D6B}.Release|Any CPU.ActiveCfg = Release|Any CPU
		{EEC93DA3-5371-4C6E-8BF0-C23FA2C84D6B}.Release|Any CPU.Build.0 = Release|Any CPU
	EndGlobalSection
	GlobalSection(SolutionProperties) = preSolution
		HideSolutionNode = FALSE
	EndGlobalSection
	GlobalSection(ExtensibilityGlobals) = postSolution
		SolutionGuid = {66352A85-6DD1-4919-8AA5-AB27868270B3}
	EndGlobalSection
EndGlobal
